<?xml version="1.0" encoding="UTF-8" standalone="yes" ?>
<CodeBlocks_project_file>
	<FileVersion major="1" minor="6" />
	<Project>
		<Option title="GBF Framework" />
		<Option pch_mode="0" />
		<Option compiler="gcc" />
		<Option virtualFolders="GraphicSystem/;UserInterface/;InputSystem/;" />
		<Build>
			<Target title="linux - release">
				<Option output="bin/linux/release/libGBF.a" prefix_auto="0" extension_auto="0" />
				<Option working_dir="" />
				<Option type="2" />
				<Option compiler="gcc" />
				<Option projectResourceIncludeDirsRelation="2" />
				<Compiler>
					<Add option="-Os" />
					<Add option="-O3" />
					<Add option="-O2" />
					<Add option="-O1" />
					<Add option="-O" />
					<Add option="-W" />
					<Add option="-Wall" />
				</Compiler>
				<Linker>
					<Add option="-s" />
				</Linker>
			</Target>
			<Target title="win32 - release">
				<Option output="bin/win32/release/libGBF.a" prefix_auto="0" extension_auto="0" />
				<Option working_dir="" />
				<Option type="2" />
				<Option compiler="gcc" />
				<Option projectResourceIncludeDirsRelation="2" />
				<Compiler>
					<Add option="-Os" />
					<Add option="-O3" />
					<Add option="-O2" />
					<Add option="-O1" />
					<Add option="-O" />
					<Add option="-W" />
					<Add option="-Wall" />
				</Compiler>
				<Linker>
					<Add option="-s" />
				</Linker>
			</Target>
			<Target title="linux - debug">
				<Option output="bin/linux/debug/libGBF.a" prefix_auto="0" extension_auto="0" />
				<Option working_dir="" />
				<Option type="2" />
				<Option compiler="gcc" />
				<Option projectResourceIncludeDirsRelation="2" />
				<Compiler>
					<Add option="-W" />
					<Add option="-Wall" />
					<Add option="-pg" />
					<Add option="-g" />
					<Add option="-DDEBUG" />
				</Compiler>
				<Linker>
					<Add option="-pg" />
					<Add option="-pg -lgmon" />
				</Linker>
			</Target>
			<Target title="win32 - debug">
				<Option output="bin/win32/debug/libGBF.a" prefix_auto="0" extension_auto="0" />
				<Option working_dir="" />
				<Option type="2" />
				<Option compiler="gcc" />
				<Option projectResourceIncludeDirsRelation="2" />
				<Compiler>
					<Add option="-W" />
					<Add option="-Wall" />
					<Add option="-pg" />
					<Add option="-g" />
					<Add option="-DDEBUG" />
				</Compiler>
				<Linker>
					<Add option="-pg" />
					<Add option="-pg -lgmon" />
				</Linker>
			</Target>
		</Build>
		<Unit filename="src/FrameLayer.cpp" />
		<Unit filename="src/FrameLayer.h" />
		<Unit filename="src/FrameLayerCamera.cpp" />
		<Unit filename="src/FrameLayerCamera.h" />
		<Unit filename="src/FrameLayerManager.cpp" />
		<Unit filename="src/FrameLayerManager.h" />
		<Unit filename="src/FrameLayerMundo.cpp" />
		<Unit filename="src/FrameLayerMundo.h" />
		<Unit filename="src/GAT.cpp" />
		<Unit filename="src/GAT.h" />
		<Unit filename="src/GATMaquinaEstado.cpp" />
		<Unit filename="src/GATMaquinaEstado.h" />
		<Unit filename="src/GATMaquinaEstadoGeral.cpp" />
		<Unit filename="src/GATMaquinaEstadoGeral.h" />
		<Unit filename="src/GATMaquinaEstadoJogo.cpp" />
		<Unit filename="src/GATMaquinaEstadoJogo.h" />
		<Unit filename="src/GATMaquinaEstadoMenu.cpp" />
		<Unit filename="src/GATMaquinaEstadoMenu.h" />
		<Unit filename="src/GATMaquinaEstadoTopGaleria.cpp" />
		<Unit filename="src/GATMaquinaEstadoTopGaleria.h" />
		<Unit filename="src/GBF.cpp" />
		<Unit filename="src/GBF.h" />
		<Unit filename="src/GBF_define.h" />
		<Unit filename="src/GraphicSystem.cpp">
			<Option virtualFolder="GraphicSystem/" />
		</Unit>
		<Unit filename="src/GraphicSystem.h">
			<Option virtualFolder="GraphicSystem/" />
		</Unit>
		<Unit filename="src/GraphicSystemCore.cpp">
			<Option virtualFolder="GraphicSystem/" />
		</Unit>
		<Unit filename="src/GraphicSystemCore.h">
			<Option virtualFolder="GraphicSystem/" />
		</Unit>
		<Unit filename="src/GraphicSystemGFX.cpp">
			<Option virtualFolder="GraphicSystem/" />
		</Unit>
		<Unit filename="src/GraphicSystemGFX.h">
			<Option virtualFolder="GraphicSystem/" />
		</Unit>
		<Unit filename="src/GraphicSystemImage.cpp">
			<Option virtualFolder="GraphicSystem/" />
		</Unit>
		<Unit filename="src/GraphicSystemImage.h">
			<Option virtualFolder="GraphicSystem/" />
		</Unit>
		<Unit filename="src/GraphicSystemImageBuffer.cpp">
			<Option virtualFolder="GraphicSystem/" />
		</Unit>
		<Unit filename="src/GraphicSystemImageBuffer.h">
			<Option virtualFolder="GraphicSystem/" />
		</Unit>
		<Unit filename="src/GraphicSystemImageBufferManager.cpp">
			<Option virtualFolder="GraphicSystem/" />
		</Unit>
		<Unit filename="src/GraphicSystemImageBufferManager.h">
			<Option virtualFolder="GraphicSystem/" />
		</Unit>
		<Unit filename="src/GraphicSystemMode.cpp">
			<Option virtualFolder="GraphicSystem/" />
		</Unit>
		<Unit filename="src/GraphicSystemMode.h">
			<Option virtualFolder="GraphicSystem/" />
		</Unit>
		<Unit filename="src/GraphicSystemScreen.cpp">
			<Option virtualFolder="GraphicSystem/" />
		</Unit>
		<Unit filename="src/GraphicSystemScreen.h">
			<Option virtualFolder="GraphicSystem/" />
		</Unit>
		<Unit filename="src/GraphicSystemUtility.cpp">
			<Option virtualFolder="GraphicSystem/" />
		</Unit>
		<Unit filename="src/GraphicSystemUtility.h">
			<Option virtualFolder="GraphicSystem/" />
		</Unit>
		<Unit filename="src/InputSystem.cpp">
			<Option virtualFolder="InputSystem/" />
		</Unit>
		<Unit filename="src/InputSystem.h">
			<Option virtualFolder="InputSystem/" />
		</Unit>
		<Unit filename="src/InputSystemCore.cpp">
			<Option virtualFolder="InputSystem/" />
		</Unit>
		<Unit filename="src/InputSystemCore.h">
			<Option virtualFolder="InputSystem/" />
		</Unit>
		<Unit filename="src/InputSystemJoystick.cpp">
			<Option virtualFolder="InputSystem/" />
		</Unit>
		<Unit filename="src/InputSystemJoystick.h">
			<Option virtualFolder="InputSystem/" />
		</Unit>
		<Unit filename="src/InputSystemKeyboard.cpp">
			<Option virtualFolder="InputSystem/" />
		</Unit>
		<Unit filename="src/InputSystemKeyboard.h">
			<Option virtualFolder="InputSystem/" />
		</Unit>
		<Unit filename="src/InputSystemMouse.cpp">
			<Option virtualFolder="InputSystem/" />
		</Unit>
		<Unit filename="src/InputSystemMouse.h">
			<Option virtualFolder="InputSystem/" />
		</Unit>
		<Unit filename="src/InputSystemMouseCursor.cpp">
			<Option virtualFolder="InputSystem/" />
		</Unit>
		<Unit filename="src/InputSystemMouseCursor.h">
			<Option virtualFolder="InputSystem/" />
		</Unit>
		<Unit filename="src/InputSystemUtility.cpp">
			<Option virtualFolder="InputSystem/" />
		</Unit>
		<Unit filename="src/InputSystemUtility.h">
			<Option virtualFolder="InputSystem/" />
		</Unit>
		<Unit filename="src/ListPersonagemAbstract.cpp" />
		<Unit filename="src/ListPersonagemAbstract.h" />
		<Unit filename="src/ListPersonagemAutomaticoAbstract.cpp" />
		<Unit filename="src/ListPersonagemAutomaticoAbstract.h" />
		<Unit filename="src/ListPersonagemJogadorAbstract.cpp" />
		<Unit filename="src/ListPersonagemJogadorAbstract.h" />
		<Unit filename="src/ObjectManager.cpp" />
		<Unit filename="src/ObjectManager.h" />
		<Unit filename="src/ParticleSystemEfeito.cpp" />
		<Unit filename="src/ParticleSystemEfeito.h" />
		<Unit filename="src/ParticleSystemEfeitoEsferico.cpp" />
		<Unit filename="src/ParticleSystemEfeitoEsferico.h" />
		<Unit filename="src/ParticleSystemManager.cpp" />
		<Unit filename="src/ParticleSystemManager.h" />
		<Unit filename="src/ParticleSystemPixel.cpp" />
		<Unit filename="src/ParticleSystemPixel.h" />
		<Unit filename="src/ParticleSystemSprite.cpp" />
		<Unit filename="src/ParticleSystemSprite.h" />
		<Unit filename="src/PersonagemAbstract.cpp" />
		<Unit filename="src/PersonagemAbstract.h" />
		<Unit filename="src/PersonagemAutomatico.cpp" />
		<Unit filename="src/PersonagemAutomatico.h" />
		<Unit filename="src/PersonagemControlado.cpp" />
		<Unit filename="src/PersonagemControlado.h" />
		<Unit filename="src/PersonagemEstatico.cpp" />
		<Unit filename="src/PersonagemEstatico.h" />
		<Unit filename="src/SoundSystem.cpp" />
		<Unit filename="src/SoundSystem.h" />
		<Unit filename="src/SoundSystemFx.cpp" />
		<Unit filename="src/SoundSystemFx.h" />
		<Unit filename="src/SoundSystemFxManager.cpp" />
		<Unit filename="src/SoundSystemFxManager.h" />
		<Unit filename="src/SoundSystemInterfaceManager.cpp" />
		<Unit filename="src/SoundSystemInterfaceManager.h" />
		<Unit filename="src/SoundSystemMusic.cpp" />
		<Unit filename="src/SoundSystemMusic.h" />
		<Unit filename="src/SoundSystemMusicManager.cpp" />
		<Unit filename="src/SoundSystemMusicManager.h" />
		<Unit filename="src/SoundSystemStatus.cpp" />
		<Unit filename="src/SoundSystemStatus.h" />
		<Unit filename="src/SpriteAbstract.cpp" />
		<Unit filename="src/SpriteAbstract.h" />
		<Unit filename="src/SpriteFactory.cpp" />
		<Unit filename="src/SpriteFactory.h" />
		<Unit filename="src/SpriteInterface.cpp" />
		<Unit filename="src/SpriteInterface.h" />
		<Unit filename="src/SpriteItem.cpp" />
		<Unit filename="src/SpriteItem.h" />
		<Unit filename="src/SpritePersonagem.cpp" />
		<Unit filename="src/SpritePersonagem.h" />
		<Unit filename="src/TimerSystemCronometroAbstract.cpp" />
		<Unit filename="src/TimerSystemCronometroAbstract.h" />
		<Unit filename="src/TimerSystemCronometroCrescente.cpp" />
		<Unit filename="src/TimerSystemCronometroCrescente.h" />
		<Unit filename="src/TimerSystemCronometroDecrescente.cpp" />
		<Unit filename="src/TimerSystemCronometroDecrescente.h" />
		<Unit filename="src/TimerSystemFPS.cpp" />
		<Unit filename="src/TimerSystemFPS.h" />
		<Unit filename="src/TopSystemGaleria.cpp" />
		<Unit filename="src/TopSystemGaleria.h" />
		<Unit filename="src/TopSystemRecorde.cpp" />
		<Unit filename="src/TopSystemRecorde.h" />
		<Unit filename="src/TopSystemRecordeLista.cpp" />
		<Unit filename="src/TopSystemRecordeLista.h" />
		<Unit filename="src/UserInterface.h" />
		<Unit filename="src/UserInterfaceBotao.cpp" />
		<Unit filename="src/UserInterfaceBotao.h" />
		<Unit filename="src/UserInterfaceComponente.cpp" />
		<Unit filename="src/UserInterfaceComponente.h" />
		<Unit filename="src/UserInterfaceMenuAbstract.cpp" />
		<Unit filename="src/UserInterfaceMenuAbstract.h" />
		<Unit filename="src/UserInterfaceMenuItemAbstract.cpp" />
		<Unit filename="src/UserInterfaceMenuItemAbstract.h" />
		<Unit filename="src/UserInterfaceMenuItemTexto.cpp" />
		<Unit filename="src/UserInterfaceMenuItemTexto.h" />
		<Unit filename="src/UserInterfaceMenuTexto.cpp" />
		<Unit filename="src/UserInterfaceMenuTexto.h" />
		<Unit filename="src/UserInterfaceMenuTextoTransparente.cpp" />
		<Unit filename="src/UserInterfaceMenuTextoTransparente.h" />
		<Unit filename="src/UserInterfaceObjetoTexto.cpp" />
		<Unit filename="src/UserInterfaceObjetoTexto.h" />
		<Unit filename="src/UserInterfaceRecorde.cpp" />
		<Unit filename="src/UserInterfaceRecorde.h" />
		<Unit filename="src/UserInterfaceTexto.cpp" />
		<Unit filename="src/UserInterfaceTexto.h" />
		<Unit filename="src/UserInterfaceVisual.cpp">
			<Option virtualFolder="UserInterface/" />
		</Unit>
		<Unit filename="src/UserInterfaceVisual.h">
			<Option virtualFolder="UserInterface/" />
		</Unit>
		<Unit filename="src/UserInterfaceVisualImagem.cpp">
			<Option virtualFolder="UserInterface/" />
		</Unit>
		<Unit filename="src/UserInterfaceVisualImagem.h">
			<Option virtualFolder="UserInterface/" />
		</Unit>
		<Unit filename="src/UserInterfaceVisualSolido.cpp">
			<Option virtualFolder="UserInterface/" />
		</Unit>
		<Unit filename="src/UserInterfaceVisualSolido.h">
			<Option virtualFolder="UserInterface/" />
		</Unit>
		<Unit filename="src/UserInterfaceWindow.cpp">
			<Option virtualFolder="UserInterface/" />
		</Unit>
		<Unit filename="src/UserInterfaceWindow.h" />
		<Unit filename="src/UserInterfaceWindowTitulo.cpp" />
		<Unit filename="src/UserInterfaceWindowTitulo.h" />
		<Unit filename="src/UtilColor.cpp" />
		<Unit filename="src/UtilColor.h" />
		<Unit filename="src/UtilDate.cpp" />
		<Unit filename="src/UtilDate.h" />
		<Unit filename="src/UtilExtract.cpp" />
		<Unit filename="src/UtilExtract.h" />
		<Unit filename="src/UtilLog.cpp" />
		<Unit filename="src/UtilLog.h" />
		<Unit filename="src/WriteSystemBitmap.cpp" />
		<Unit filename="src/WriteSystemBitmap.h" />
		<Unit filename="src/WriteSystemManager.cpp" />
		<Unit filename="src/WriteSystemManager.h" />
		<Extensions>
			<code_completion />
		</Extensions>
	</Project>
</CodeBlocks_project_file>
