<?xml version="1.0" encoding="UTF-8" standalone="yes" ?>
<CodeBlocks_project_file>
	<FileVersion major="1" minor="6" />
	<Project>
		<Option title="GBF Framework" />
		<Option pch_mode="0" />
		<Option compiler="gcc" />
		<Build>
			<Target title="linux - release">
				<Option output="bin/linux/release/libGBF.a" prefix_auto="0" extension_auto="0" />
				<Option working_dir="" />
				<Option type="2" />
				<Option compiler="gcc" />
				<Compiler>
					<Add option="-Os" />
					<Add option="-O3" />
					<Add option="-O2" />
					<Add option="-O1" />
					<Add option="-O" />
					<Add option="-W" />
					<Add option="-Wall" />
				</Compiler>
				<Linker>
					<Add option="-s" />
				</Linker>
			</Target>
			<Target title="win32 - release">
				<Option output="bin/win32/release/libGBF.a" prefix_auto="0" extension_auto="0" />
				<Option working_dir="" />
				<Option type="2" />
				<Option compiler="gcc" />
				<Compiler>
					<Add option="-Os" />
					<Add option="-O3" />
					<Add option="-O2" />
					<Add option="-O1" />
					<Add option="-O" />
					<Add option="-W" />
					<Add option="-Wall" />
				</Compiler>
				<Linker>
					<Add option="-s" />
				</Linker>
			</Target>
			<Target title="linux - debug">
				<Option output="bin/linux/debug/libGBF.a" prefix_auto="0" extension_auto="0" />
				<Option working_dir="" />
				<Option type="2" />
				<Option compiler="gcc" />
				<Compiler>
					<Add option="-W" />
					<Add option="-Wall" />
					<Add option="-pg" />
					<Add option="-g" />
					<Add option="-DDEBUG" />
				</Compiler>
				<Linker>
					<Add option="-pg" />
					<Add option="-pg -lgmon" />
				</Linker>
			</Target>
			<Target title="win32 - debug">
				<Option output="bin/win32/debug/libGBF.a" prefix_auto="0" extension_auto="0" />
				<Option working_dir="" />
				<Option type="2" />
				<Option compiler="gcc" />
				<Compiler>
					<Add option="-W" />
					<Add option="-Wall" />
					<Add option="-pg" />
					<Add option="-g" />
					<Add option="-DDEBUG" />
				</Compiler>
				<Linker>
					<Add option="-pg" />
					<Add option="-pg -lgmon" />
				</Linker>
			</Target>
		</Build>
		<Unit filename="src/Animacao.cpp" />
		<Unit filename="src/Animacao.h" />
		<Unit filename="src/BaseManager.cpp" />
		<Unit filename="src/BaseManager.h" />
		<Unit filename="src/BaseSystem.cpp" />
		<Unit filename="src/BaseSystem.h" />
		<Unit filename="src/Cor.cpp" />
		<Unit filename="src/Cor.h" />
		<Unit filename="src/CronometroAbstract.cpp" />
		<Unit filename="src/CronometroAbstract.h" />
		<Unit filename="src/CronometroCrescente.cpp" />
		<Unit filename="src/CronometroCrescente.h" />
		<Unit filename="src/CronometroDecrescente.cpp" />
		<Unit filename="src/CronometroDecrescente.h" />
		<Unit filename="src/Cursor.cpp" />
		<Unit filename="src/Cursor.h" />
		<Unit filename="src/Date.cpp" />
		<Unit filename="src/Date.h" />
		<Unit filename="src/FPS.cpp" />
		<Unit filename="src/FPS.h" />
		<Unit filename="src/FX.cpp" />
		<Unit filename="src/FX.h" />
		<Unit filename="src/FXManager.cpp" />
		<Unit filename="src/FXManager.h" />
		<Unit filename="src/FonteBitmap.cpp" />
		<Unit filename="src/FonteBitmap.h" />
		<Unit filename="src/FrameLayer.cpp" />
		<Unit filename="src/FrameLayer.h" />
		<Unit filename="src/GAT.cpp" />
		<Unit filename="src/GAT.h" />
		<Unit filename="src/GBF.h" />
		<Unit filename="src/GBFramework.cpp" />
		<Unit filename="src/GBFramework.h" />
		<Unit filename="src/GFX.cpp" />
		<Unit filename="src/GFX.h" />
		<Unit filename="src/GTEstadoGeral.cpp" />
		<Unit filename="src/GTEstadoGeral.h" />
		<Unit filename="src/GTJogo.cpp" />
		<Unit filename="src/GTJogo.h" />
		<Unit filename="src/GTMaquinaEstado.cpp" />
		<Unit filename="src/GTMaquinaEstado.h" />
		<Unit filename="src/GTMenu.cpp" />
		<Unit filename="src/GTMenu.h" />
		<Unit filename="src/GTTopGaleria.cpp" />
		<Unit filename="src/GTTopGaleria.h" />
		<Unit filename="src/GraphicCore.cpp" />
		<Unit filename="src/GraphicCore.h" />
		<Unit filename="src/GraphicMode.cpp" />
		<Unit filename="src/GraphicMode.h" />
		<Unit filename="src/GraphicSystem.cpp" />
		<Unit filename="src/GraphicSystem.h" />
		<Unit filename="src/GraphicSystemUtility.cpp" />
		<Unit filename="src/GraphicSystemUtility.h" />
		<Unit filename="src/Idioma.cpp" />
		<Unit filename="src/Idioma.h" />
		<Unit filename="src/ImageBase.cpp" />
		<Unit filename="src/ImageBase.h" />
		<Unit filename="src/ImageBuffer.cpp" />
		<Unit filename="src/ImageBuffer.h" />
		<Unit filename="src/ImageBufferManager.cpp" />
		<Unit filename="src/ImageBufferManager.h" />
		<Unit filename="src/InputCore.cpp" />
		<Unit filename="src/InputCore.h" />
		<Unit filename="src/InputSystem.cpp" />
		<Unit filename="src/InputSystem.h" />
		<Unit filename="src/InputSystemUtility.cpp" />
		<Unit filename="src/InputSystemUtility.h" />
		<Unit filename="src/Joystick.cpp" />
		<Unit filename="src/Joystick.h" />
		<Unit filename="src/Keyboard.cpp" />
		<Unit filename="src/Keyboard.h" />
		<Unit filename="src/LayerCamera.cpp" />
		<Unit filename="src/LayerCamera.h" />
		<Unit filename="src/LayerManager.cpp" />
		<Unit filename="src/LayerManager.h" />
		<Unit filename="src/LayerMundo.cpp" />
		<Unit filename="src/LayerMundo.h" />
		<Unit filename="src/ListManager.cpp" />
		<Unit filename="src/ListManager.h" />
		<Unit filename="src/ListPersonagem.cpp" />
		<Unit filename="src/ListPersonagem.h" />
		<Unit filename="src/Log.cpp" />
		<Unit filename="src/Log.h" />
		<Unit filename="src/Mouse.cpp" />
		<Unit filename="src/Mouse.h" />
		<Unit filename="src/Music.cpp" />
		<Unit filename="src/Music.h" />
		<Unit filename="src/MusicManager.cpp" />
		<Unit filename="src/MusicManager.h" />
		<Unit filename="src/ObjetoBase.cpp" />
		<Unit filename="src/ObjetoBase.h" />
		<Unit filename="src/PSEfeito.cpp" />
		<Unit filename="src/PSEfeito.h" />
		<Unit filename="src/PSEfeitoEsferico.cpp" />
		<Unit filename="src/PSEfeitoEsferico.h" />
		<Unit filename="src/PSManager.cpp" />
		<Unit filename="src/PSManager.h" />
		<Unit filename="src/PSPixel.cpp" />
		<Unit filename="src/PSPixel.h" />
		<Unit filename="src/PSSprite.cpp" />
		<Unit filename="src/PSSprite.h" />
		<Unit filename="src/Personagem.cpp" />
		<Unit filename="src/Personagem.h" />
		<Unit filename="src/RSLista.cpp" />
		<Unit filename="src/RSLista.h" />
		<Unit filename="src/RSManager.cpp" />
		<Unit filename="src/RSManager.h" />
		<Unit filename="src/RSRecorde.cpp" />
		<Unit filename="src/RSRecorde.h" />
		<Unit filename="src/Screen.cpp" />
		<Unit filename="src/Screen.h" />
		<Unit filename="src/SoundCore.cpp" />
		<Unit filename="src/SoundCore.h" />
		<Unit filename="src/SoundManagerAbstract.cpp" />
		<Unit filename="src/SoundManagerAbstract.h" />
		<Unit filename="src/SoundStatus.cpp" />
		<Unit filename="src/SoundStatus.h" />
		<Unit filename="src/SoundSystem.cpp" />
		<Unit filename="src/SoundSystem.h" />
		<Unit filename="src/SoundSystemUtility.cpp" />
		<Unit filename="src/SoundSystemUtility.h" />
		<Unit filename="src/Sprite.cpp" />
		<Unit filename="src/Sprite.h" />
		<Unit filename="src/SpriteFactory.cpp" />
		<Unit filename="src/SpriteFactory.h" />
		<Unit filename="src/SpriteInterface.cpp" />
		<Unit filename="src/SpriteInterface.h" />
		<Unit filename="src/SpriteItem.cpp" />
		<Unit filename="src/SpriteItem.h" />
		<Unit filename="src/SpritePersonagem.cpp" />
		<Unit filename="src/SpritePersonagem.h" />
		<Unit filename="src/StringExtract.cpp" />
		<Unit filename="src/StringExtract.h" />
		<Unit filename="src/UIBotao.cpp" />
		<Unit filename="src/UIBotao.h" />
		<Unit filename="src/UIComponente.cpp" />
		<Unit filename="src/UIComponente.h" />
		<Unit filename="src/UIField.cpp" />
		<Unit filename="src/UIField.h" />
		<Unit filename="src/UIItemAbstract.cpp" />
		<Unit filename="src/UIItemAbstract.h" />
		<Unit filename="src/UIItemTexto.cpp" />
		<Unit filename="src/UIItemTexto.h" />
		<Unit filename="src/UIMenu.cpp" />
		<Unit filename="src/UIMenu.h" />
		<Unit filename="src/UIMenuAbstract.cpp" />
		<Unit filename="src/UIMenuAbstract.h" />
		<Unit filename="src/UIMenuTransparente.cpp" />
		<Unit filename="src/UIMenuTransparente.h" />
		<Unit filename="src/UINumberField.cpp" />
		<Unit filename="src/UINumberField.h" />
		<Unit filename="src/UITecladoVirtual.cpp" />
		<Unit filename="src/UITecladoVirtual.h" />
		<Unit filename="src/UITextField.cpp" />
		<Unit filename="src/UITextField.h" />
		<Unit filename="src/UITexto.cpp" />
		<Unit filename="src/UITexto.h" />
		<Unit filename="src/UIVisual.cpp" />
		<Unit filename="src/UIVisual.h" />
		<Unit filename="src/UIVisualImagem.cpp" />
		<Unit filename="src/UIVisualImagem.h" />
		<Unit filename="src/UIVisualSolido.cpp" />
		<Unit filename="src/UIVisualSolido.h" />
		<Unit filename="src/UIWindow.cpp" />
		<Unit filename="src/UIWindow.h" />
		<Unit filename="src/UIWindowDialog.cpp" />
		<Unit filename="src/UIWindowDialog.h" />
		<Unit filename="src/UIWindowRecorde.cpp" />
		<Unit filename="src/UIWindowRecorde.h" />
		<Unit filename="src/UIWindowTitulo.cpp" />
		<Unit filename="src/UIWindowTitulo.h" />
		<Unit filename="src/UserInterface.h" />
		<Unit filename="src/WriteManager.cpp" />
		<Unit filename="src/WriteManager.h" />
		<Extensions>
			<code_completion />
			<debugger />
		</Extensions>
	</Project>
</CodeBlocks_project_file>
