<?xml version="1.0" encoding="UTF-8" standalone="yes" ?>
<CodeBlocks_project_file>
	<FileVersion major="1" minor="6" />
	<Project>
		<Option title="GBF Framework" />
		<Option pch_mode="0" />
		<Option compiler="gcc" />
		<Option virtualFolders="Character/;GBF/;ParticleSystem/;GBF/Kernel/;GBF/Kernel/FPS/;GBF/Color/;GBF/Kernel/Sound/;GBF/Kernel/Timer/;GBF/Kernel/Util/;GBF/Kernel/Input/;GBF/Kernel/Graphic/;GBF/Kernel/Write/;UserInterface/;GBF/Image/;GBF/Image/Sprite/;GBF/Image/Layer/;UserInterface/Look/;UserInterface/Component/;UserInterface/Text/;UserInterface/Window/;UserInterface/Menu/;" />
		<Build>
			<Target title="linux - release">
				<Option output="bin/linux/release/libGBF.a" prefix_auto="0" extension_auto="0" />
				<Option working_dir="" />
				<Option type="2" />
				<Option compiler="gcc" />
				<Compiler>
					<Add option="-Os" />
					<Add option="-O3" />
					<Add option="-O2" />
					<Add option="-O1" />
					<Add option="-O" />
					<Add option="-W" />
					<Add option="-Wall" />
				</Compiler>
				<Linker>
					<Add option="-s" />
				</Linker>
			</Target>
			<Target title="win32 - release">
				<Option output="bin/win32/release/libGBF.a" prefix_auto="0" extension_auto="0" />
				<Option working_dir="" />
				<Option type="2" />
				<Option compiler="gcc" />
				<Compiler>
					<Add option="-Os" />
					<Add option="-O3" />
					<Add option="-O2" />
					<Add option="-O1" />
					<Add option="-O" />
					<Add option="-W" />
					<Add option="-Wall" />
				</Compiler>
				<Linker>
					<Add option="-s" />
				</Linker>
			</Target>
			<Target title="linux - debug">
				<Option output="bin/linux/debug/libGBF.a" prefix_auto="0" extension_auto="0" />
				<Option working_dir="" />
				<Option type="2" />
				<Option compiler="gcc" />
				<Compiler>
					<Add option="-W" />
					<Add option="-Wall" />
					<Add option="-pg" />
					<Add option="-g" />
					<Add option="-DDEBUG" />
				</Compiler>
				<Linker>
					<Add option="-pg" />
					<Add option="-pg -lgmon" />
				</Linker>
			</Target>
			<Target title="win32 - debug">
				<Option output="bin/win32/debug/libGBF.a" prefix_auto="0" extension_auto="0" />
				<Option working_dir="" />
				<Option type="2" />
				<Option compiler="gcc" />
				<Compiler>
					<Add option="-W" />
					<Add option="-Wall" />
					<Add option="-pg" />
					<Add option="-g" />
					<Add option="-DDEBUG" />
				</Compiler>
				<Linker>
					<Add option="-pg" />
					<Add option="-pg -lgmon" />
				</Linker>
			</Target>
		</Build>
		<Unit filename="src/Animation.cpp">
			<Option virtualFolder="GBF/Image/Sprite/" />
		</Unit>
		<Unit filename="src/Animation.h">
			<Option virtualFolder="GBF/Image/Sprite/" />
		</Unit>
		<Unit filename="src/BaseManager.cpp">
			<Option virtualFolder="GBF/" />
		</Unit>
		<Unit filename="src/BaseManager.h">
			<Option virtualFolder="GBF/" />
		</Unit>
		<Unit filename="src/BaseSystem.cpp">
			<Option virtualFolder="GBF/" />
		</Unit>
		<Unit filename="src/BaseSystem.h">
			<Option virtualFolder="GBF/" />
		</Unit>
		<Unit filename="src/Character.cpp">
			<Option virtualFolder="Character/" />
		</Unit>
		<Unit filename="src/Character.h">
			<Option virtualFolder="Character/" />
		</Unit>
		<Unit filename="src/Color.cpp">
			<Option virtualFolder="GBF/Color/" />
		</Unit>
		<Unit filename="src/Color.h">
			<Option virtualFolder="GBF/Color/" />
		</Unit>
		<Unit filename="src/Cursor.cpp">
			<Option virtualFolder="GBF/Kernel/Input/" />
		</Unit>
		<Unit filename="src/Cursor.h">
			<Option virtualFolder="GBF/Kernel/Input/" />
		</Unit>
		<Unit filename="src/Date.cpp">
			<Option virtualFolder="GBF/Kernel/Util/" />
		</Unit>
		<Unit filename="src/Date.h">
			<Option virtualFolder="GBF/Kernel/Util/" />
		</Unit>
		<Unit filename="src/FPS.cpp">
			<Option virtualFolder="GBF/Kernel/FPS/" />
		</Unit>
		<Unit filename="src/FPS.h">
			<Option virtualFolder="GBF/Kernel/FPS/" />
		</Unit>
		<Unit filename="src/FPSCounter.cpp">
			<Option virtualFolder="GBF/Kernel/FPS/" />
		</Unit>
		<Unit filename="src/FPSCounter.h">
			<Option virtualFolder="GBF/Kernel/FPS/" />
		</Unit>
		<Unit filename="src/FPSFactory.cpp">
			<Option virtualFolder="GBF/Kernel/FPS/" />
		</Unit>
		<Unit filename="src/FPSFactory.h">
			<Option virtualFolder="GBF/Kernel/FPS/" />
		</Unit>
		<Unit filename="src/FPSFixRate.cpp">
			<Option virtualFolder="GBF/Kernel/FPS/" />
		</Unit>
		<Unit filename="src/FPSFixRate.h">
			<Option virtualFolder="GBF/Kernel/FPS/" />
		</Unit>
		<Unit filename="src/FX.cpp">
			<Option virtualFolder="GBF/Kernel/Sound/" />
		</Unit>
		<Unit filename="src/FX.h">
			<Option virtualFolder="GBF/Kernel/Sound/" />
		</Unit>
		<Unit filename="src/FXManager.cpp">
			<Option virtualFolder="GBF/Kernel/Sound/" />
		</Unit>
		<Unit filename="src/FXManager.h">
			<Option virtualFolder="GBF/Kernel/Sound/" />
		</Unit>
		<Unit filename="src/FontBitmap.cpp">
			<Option virtualFolder="GBF/Kernel/Write/" />
		</Unit>
		<Unit filename="src/FontBitmap.h">
			<Option virtualFolder="GBF/Kernel/Write/" />
		</Unit>
		<Unit filename="src/FrameLayer.cpp">
			<Option virtualFolder="GBF/Image/Layer/" />
		</Unit>
		<Unit filename="src/FrameLayer.h">
			<Option virtualFolder="GBF/Image/Layer/" />
		</Unit>
		<Unit filename="src/GAT.cpp" />
		<Unit filename="src/GAT.h" />
		<Unit filename="src/GBF.h">
			<Option virtualFolder="GBF/" />
		</Unit>
		<Unit filename="src/GBFramework.cpp">
			<Option virtualFolder="GBF/" />
		</Unit>
		<Unit filename="src/GBFramework.h">
			<Option virtualFolder="GBF/" />
		</Unit>
		<Unit filename="src/GFX.cpp">
			<Option virtualFolder="GBF/Kernel/Graphic/" />
		</Unit>
		<Unit filename="src/GFX.h">
			<Option virtualFolder="GBF/Kernel/Graphic/" />
		</Unit>
		<Unit filename="src/GTEstadoGeral.cpp" />
		<Unit filename="src/GTEstadoGeral.h" />
		<Unit filename="src/GTJogo.cpp" />
		<Unit filename="src/GTJogo.h" />
		<Unit filename="src/GTMaquinaEstado.cpp" />
		<Unit filename="src/GTMaquinaEstado.h" />
		<Unit filename="src/GTMenu.cpp" />
		<Unit filename="src/GTMenu.h" />
		<Unit filename="src/GTTopGaleria.cpp" />
		<Unit filename="src/GTTopGaleria.h" />
		<Unit filename="src/GraphicCore.cpp">
			<Option virtualFolder="GBF/Kernel/Graphic/" />
		</Unit>
		<Unit filename="src/GraphicCore.h">
			<Option virtualFolder="GBF/Kernel/Graphic/" />
		</Unit>
		<Unit filename="src/GraphicMode.cpp">
			<Option virtualFolder="GBF/Kernel/Graphic/" />
		</Unit>
		<Unit filename="src/GraphicMode.h">
			<Option virtualFolder="GBF/Kernel/Graphic/" />
		</Unit>
		<Unit filename="src/GraphicSystem.cpp">
			<Option virtualFolder="GBF/Kernel/Graphic/" />
		</Unit>
		<Unit filename="src/GraphicSystem.h">
			<Option virtualFolder="GBF/Kernel/Graphic/" />
		</Unit>
		<Unit filename="src/GraphicSystemUtility.cpp">
			<Option virtualFolder="GBF/Kernel/Graphic/" />
		</Unit>
		<Unit filename="src/GraphicSystemUtility.h">
			<Option virtualFolder="GBF/Kernel/Graphic/" />
		</Unit>
		<Unit filename="src/ImageBase.cpp">
			<Option virtualFolder="GBF/Kernel/Graphic/" />
		</Unit>
		<Unit filename="src/ImageBase.h">
			<Option virtualFolder="GBF/Kernel/Graphic/" />
		</Unit>
		<Unit filename="src/ImageBuffer.cpp">
			<Option virtualFolder="GBF/Kernel/Graphic/" />
		</Unit>
		<Unit filename="src/ImageBuffer.h">
			<Option virtualFolder="GBF/Kernel/Graphic/" />
		</Unit>
		<Unit filename="src/ImageBufferManager.cpp">
			<Option virtualFolder="GBF/Kernel/Graphic/" />
		</Unit>
		<Unit filename="src/ImageBufferManager.h">
			<Option virtualFolder="GBF/Kernel/Graphic/" />
		</Unit>
		<Unit filename="src/InputCore.cpp">
			<Option virtualFolder="GBF/Kernel/Input/" />
		</Unit>
		<Unit filename="src/InputCore.h">
			<Option virtualFolder="GBF/Kernel/Input/" />
		</Unit>
		<Unit filename="src/InputSystem.cpp">
			<Option virtualFolder="GBF/Kernel/Input/" />
		</Unit>
		<Unit filename="src/InputSystem.h">
			<Option virtualFolder="GBF/Kernel/Input/" />
		</Unit>
		<Unit filename="src/InputSystemUtility.cpp">
			<Option virtualFolder="GBF/Kernel/Input/" />
		</Unit>
		<Unit filename="src/InputSystemUtility.h">
			<Option virtualFolder="GBF/Kernel/Input/" />
		</Unit>
		<Unit filename="src/Joystick.cpp">
			<Option virtualFolder="GBF/Kernel/Input/" />
		</Unit>
		<Unit filename="src/Joystick.h">
			<Option virtualFolder="GBF/Kernel/Input/" />
		</Unit>
		<Unit filename="src/Keyboard.cpp">
			<Option virtualFolder="GBF/Kernel/Input/" />
		</Unit>
		<Unit filename="src/Keyboard.h">
			<Option virtualFolder="GBF/Kernel/Input/" />
		</Unit>
		<Unit filename="src/Language.cpp">
			<Option virtualFolder="GBF/Kernel/Write/" />
		</Unit>
		<Unit filename="src/Language.h">
			<Option virtualFolder="GBF/Kernel/Write/" />
		</Unit>
		<Unit filename="src/LayerCamera.cpp">
			<Option virtualFolder="GBF/Image/Layer/" />
		</Unit>
		<Unit filename="src/LayerCamera.h">
			<Option virtualFolder="GBF/Image/Layer/" />
		</Unit>
		<Unit filename="src/LayerManager.cpp">
			<Option virtualFolder="GBF/Image/Layer/" />
		</Unit>
		<Unit filename="src/LayerManager.h">
			<Option virtualFolder="GBF/Image/Layer/" />
		</Unit>
		<Unit filename="src/LayerMundo.cpp">
			<Option virtualFolder="GBF/Image/Layer/" />
		</Unit>
		<Unit filename="src/LayerMundo.h">
			<Option virtualFolder="GBF/Image/Layer/" />
		</Unit>
		<Unit filename="src/ListCharacter.cpp">
			<Option virtualFolder="Character/" />
		</Unit>
		<Unit filename="src/ListCharacter.h">
			<Option virtualFolder="Character/" />
		</Unit>
		<Unit filename="src/ListManager.cpp">
			<Option virtualFolder="GBF/" />
		</Unit>
		<Unit filename="src/ListManager.h">
			<Option virtualFolder="GBF/" />
		</Unit>
		<Unit filename="src/Mouse.cpp">
			<Option virtualFolder="GBF/Kernel/Input/" />
		</Unit>
		<Unit filename="src/Mouse.h">
			<Option virtualFolder="GBF/Kernel/Input/" />
		</Unit>
		<Unit filename="src/Music.cpp">
			<Option virtualFolder="GBF/Kernel/Sound/" />
		</Unit>
		<Unit filename="src/Music.h">
			<Option virtualFolder="GBF/Kernel/Sound/" />
		</Unit>
		<Unit filename="src/MusicManager.cpp">
			<Option virtualFolder="GBF/Kernel/Sound/" />
		</Unit>
		<Unit filename="src/MusicManager.h">
			<Option virtualFolder="GBF/Kernel/Sound/" />
		</Unit>
		<Unit filename="src/Object.cpp">
			<Option virtualFolder="GBF/" />
		</Unit>
		<Unit filename="src/Object.h">
			<Option virtualFolder="GBF/" />
		</Unit>
		<Unit filename="src/PSEffect.cpp">
			<Option virtualFolder="ParticleSystem/" />
		</Unit>
		<Unit filename="src/PSEffect.h">
			<Option virtualFolder="ParticleSystem/" />
		</Unit>
		<Unit filename="src/PSManager.cpp">
			<Option virtualFolder="ParticleSystem/" />
		</Unit>
		<Unit filename="src/PSManager.h">
			<Option virtualFolder="ParticleSystem/" />
		</Unit>
		<Unit filename="src/PSPixel.cpp">
			<Option virtualFolder="ParticleSystem/" />
		</Unit>
		<Unit filename="src/PSPixel.h">
			<Option virtualFolder="ParticleSystem/" />
		</Unit>
		<Unit filename="src/PSSphereEffect.cpp">
			<Option virtualFolder="ParticleSystem/" />
		</Unit>
		<Unit filename="src/PSSphereEffect.h">
			<Option virtualFolder="ParticleSystem/" />
		</Unit>
		<Unit filename="src/PSSprite.cpp">
			<Option virtualFolder="ParticleSystem/" />
		</Unit>
		<Unit filename="src/PSSprite.h">
			<Option virtualFolder="ParticleSystem/" />
		</Unit>
		<Unit filename="src/Path.cpp">
			<Option virtualFolder="GBF/Kernel/Util/" />
		</Unit>
		<Unit filename="src/Path.h">
			<Option virtualFolder="GBF/Kernel/Util/" />
		</Unit>
		<Unit filename="src/RSLista.cpp" />
		<Unit filename="src/RSLista.h" />
		<Unit filename="src/RSManager.cpp" />
		<Unit filename="src/RSManager.h" />
		<Unit filename="src/RSRecorde.cpp" />
		<Unit filename="src/RSRecorde.h" />
		<Unit filename="src/Screen.cpp">
			<Option virtualFolder="GBF/Kernel/Graphic/" />
		</Unit>
		<Unit filename="src/Screen.h">
			<Option virtualFolder="GBF/Kernel/Graphic/" />
		</Unit>
		<Unit filename="src/SoundCore.cpp">
			<Option virtualFolder="GBF/Kernel/Sound/" />
		</Unit>
		<Unit filename="src/SoundCore.h">
			<Option virtualFolder="GBF/Kernel/Sound/" />
		</Unit>
		<Unit filename="src/SoundManagerAbstract.cpp">
			<Option virtualFolder="GBF/Kernel/Sound/" />
		</Unit>
		<Unit filename="src/SoundManagerAbstract.h">
			<Option virtualFolder="GBF/Kernel/Sound/" />
		</Unit>
		<Unit filename="src/SoundStatus.cpp">
			<Option virtualFolder="GBF/Kernel/Sound/" />
		</Unit>
		<Unit filename="src/SoundStatus.h">
			<Option virtualFolder="GBF/Kernel/Sound/" />
		</Unit>
		<Unit filename="src/SoundSystem.cpp">
			<Option virtualFolder="GBF/Kernel/Sound/" />
		</Unit>
		<Unit filename="src/SoundSystem.h">
			<Option virtualFolder="GBF/Kernel/Sound/" />
		</Unit>
		<Unit filename="src/SoundSystemUtility.cpp">
			<Option virtualFolder="GBF/Kernel/Sound/" />
		</Unit>
		<Unit filename="src/SoundSystemUtility.h">
			<Option virtualFolder="GBF/Kernel/Sound/" />
		</Unit>
		<Unit filename="src/Sprite.cpp">
			<Option virtualFolder="GBF/Image/Sprite/" />
		</Unit>
		<Unit filename="src/Sprite.h">
			<Option virtualFolder="GBF/Image/Sprite/" />
		</Unit>
		<Unit filename="src/SpriteCharacter.cpp">
			<Option virtualFolder="GBF/Image/Sprite/" />
		</Unit>
		<Unit filename="src/SpriteCharacter.h">
			<Option virtualFolder="GBF/Image/Sprite/" />
		</Unit>
		<Unit filename="src/SpriteFactory.cpp">
			<Option virtualFolder="GBF/Image/Sprite/" />
		</Unit>
		<Unit filename="src/SpriteFactory.h">
			<Option virtualFolder="GBF/Image/Sprite/" />
		</Unit>
		<Unit filename="src/SpriteInterface.cpp">
			<Option virtualFolder="GBF/Image/" />
		</Unit>
		<Unit filename="src/SpriteInterface.h">
			<Option virtualFolder="GBF/Image/" />
		</Unit>
		<Unit filename="src/SpriteItem.cpp">
			<Option virtualFolder="GBF/Image/Sprite/" />
		</Unit>
		<Unit filename="src/SpriteItem.h">
			<Option virtualFolder="GBF/Image/Sprite/" />
		</Unit>
		<Unit filename="src/StringExtract.cpp">
			<Option virtualFolder="GBF/Kernel/Util/" />
		</Unit>
		<Unit filename="src/StringExtract.h">
			<Option virtualFolder="GBF/Kernel/Util/" />
		</Unit>
		<Unit filename="src/Timer.cpp">
			<Option virtualFolder="GBF/Kernel/Timer/" />
		</Unit>
		<Unit filename="src/Timer.h">
			<Option virtualFolder="GBF/Kernel/Timer/" />
		</Unit>
		<Unit filename="src/TimerAbstract.cpp">
			<Option virtualFolder="GBF/Kernel/Timer/" />
		</Unit>
		<Unit filename="src/TimerAbstract.h">
			<Option virtualFolder="GBF/Kernel/Timer/" />
		</Unit>
		<Unit filename="src/TimerRegressive.cpp">
			<Option virtualFolder="GBF/Kernel/Timer/" />
		</Unit>
		<Unit filename="src/TimerRegressive.h">
			<Option virtualFolder="GBF/Kernel/Timer/" />
		</Unit>
		<Unit filename="src/UIBackground.cpp">
			<Option virtualFolder="UserInterface/Look/" />
		</Unit>
		<Unit filename="src/UIBackground.h">
			<Option virtualFolder="UserInterface/Look/" />
		</Unit>
		<Unit filename="src/UIBackgroundColor.cpp">
			<Option virtualFolder="UserInterface/Look/" />
		</Unit>
		<Unit filename="src/UIBackgroundColor.h">
			<Option virtualFolder="UserInterface/Look/" />
		</Unit>
		<Unit filename="src/UIBackgroundImage.cpp">
			<Option virtualFolder="UserInterface/Look/" />
		</Unit>
		<Unit filename="src/UIBackgroundImage.h">
			<Option virtualFolder="UserInterface/Look/" />
		</Unit>
		<Unit filename="src/UIButton.cpp">
			<Option virtualFolder="UserInterface/Component/" />
		</Unit>
		<Unit filename="src/UIButton.h">
			<Option virtualFolder="UserInterface/Component/" />
		</Unit>
		<Unit filename="src/UIComponent.cpp">
			<Option virtualFolder="UserInterface/Component/" />
		</Unit>
		<Unit filename="src/UIComponent.h">
			<Option virtualFolder="UserInterface/Component/" />
		</Unit>
		<Unit filename="src/UIField.cpp">
			<Option virtualFolder="UserInterface/Component/" />
		</Unit>
		<Unit filename="src/UIField.h">
			<Option virtualFolder="UserInterface/Component/" />
		</Unit>
		<Unit filename="src/UIItemAbstract.cpp">
			<Option virtualFolder="UserInterface/Menu/" />
		</Unit>
		<Unit filename="src/UIItemAbstract.h">
			<Option virtualFolder="UserInterface/Menu/" />
		</Unit>
		<Unit filename="src/UIItemText.cpp">
			<Option virtualFolder="UserInterface/Menu/" />
		</Unit>
		<Unit filename="src/UIItemText.h">
			<Option virtualFolder="UserInterface/Menu/" />
		</Unit>
		<Unit filename="src/UIKeyboard.cpp">
			<Option virtualFolder="UserInterface/Component/" />
		</Unit>
		<Unit filename="src/UIKeyboard.h">
			<Option virtualFolder="UserInterface/Component/" />
		</Unit>
		<Unit filename="src/UIMenuAbstract.cpp">
			<Option virtualFolder="UserInterface/Menu/" />
		</Unit>
		<Unit filename="src/UIMenuAbstract.h">
			<Option virtualFolder="UserInterface/Menu/" />
		</Unit>
		<Unit filename="src/UIMenuSimple.cpp">
			<Option virtualFolder="UserInterface/Menu/" />
		</Unit>
		<Unit filename="src/UIMenuSimple.h">
			<Option virtualFolder="UserInterface/Menu/" />
		</Unit>
		<Unit filename="src/UIMenuSolid.cpp">
			<Option virtualFolder="UserInterface/Menu/" />
		</Unit>
		<Unit filename="src/UIMenuSolid.h">
			<Option virtualFolder="UserInterface/Menu/" />
		</Unit>
		<Unit filename="src/UINumberField.cpp">
			<Option virtualFolder="UserInterface/Component/" />
		</Unit>
		<Unit filename="src/UINumberField.h">
			<Option virtualFolder="UserInterface/Component/" />
		</Unit>
		<Unit filename="src/UIText.cpp">
			<Option virtualFolder="UserInterface/Text/" />
		</Unit>
		<Unit filename="src/UIText.h">
			<Option virtualFolder="UserInterface/Text/" />
		</Unit>
		<Unit filename="src/UITextField.cpp">
			<Option virtualFolder="UserInterface/Component/" />
		</Unit>
		<Unit filename="src/UITextField.h">
			<Option virtualFolder="UserInterface/Component/" />
		</Unit>
		<Unit filename="src/UIWindow.cpp">
			<Option virtualFolder="UserInterface/Window/" />
		</Unit>
		<Unit filename="src/UIWindow.h">
			<Option virtualFolder="UserInterface/Window/" />
		</Unit>
		<Unit filename="src/UIWindowDialog.cpp">
			<Option virtualFolder="UserInterface/Window/" />
		</Unit>
		<Unit filename="src/UIWindowDialog.h">
			<Option virtualFolder="UserInterface/Window/" />
		</Unit>
		<Unit filename="src/UIWindowRecord.cpp">
			<Option virtualFolder="UserInterface/Window/" />
		</Unit>
		<Unit filename="src/UIWindowRecord.h">
			<Option virtualFolder="UserInterface/Window/" />
		</Unit>
		<Unit filename="src/UIWindowTitle.cpp">
			<Option virtualFolder="UserInterface/Window/" />
		</Unit>
		<Unit filename="src/UIWindowTitle.h">
			<Option virtualFolder="UserInterface/Window/" />
		</Unit>
		<Unit filename="src/UserInterface.h">
			<Option virtualFolder="UserInterface/" />
		</Unit>
		<Unit filename="src/WriteManager.cpp">
			<Option virtualFolder="GBF/Kernel/Write/" />
		</Unit>
		<Unit filename="src/WriteManager.h">
			<Option virtualFolder="GBF/Kernel/Write/" />
		</Unit>
		<Unit filename="src/version.h" />
		<Extensions>
			<code_completion />
			<debugger />
			<AutoVersioning>
				<Scheme minor_max="10" build_max="0" rev_max="0" rev_rand_max="10" build_times_to_increment_minor="1000" />
				<Settings autoincrement="1" date_declarations="0" do_auto_increment="1" ask_to_increment="0" language="C++" svn="1" svn_directory="/home/desenvolvimento/pjmoo-gbf/trunk/projeto/src/.svn" header_path="src/version.h" />
				<Changes_Log show_changes_editor="1" app_title="released version %M.%m.%b of %p (%T)" changeslog_path="ChangesLog.txt" />
			</AutoVersioning>
			<envvars />
		</Extensions>
	</Project>
</CodeBlocks_project_file>
